
Microsoft Visual Studio Solution File, Format Version 12.00
# Visual Studio Version 17
VisualStudioVersion = 17.11.35222.181
MinimumVisualStudioVersion = 10.0.40219.1
Project("{FAE04EC0-301F-11D3-BF4B-00C04F79EFBC}") = "MikulasTryCatch", "MikulasTryCatch.csproj", "{BE7C2CAF-71F1-4028-B72A-9FB071DCC36D}"
EndProject
Global
	GlobalSection(SolutionConfigurationPlatforms) = preSolution
		Debug|Any CPU = Debug|Any CPU
		Release|Any CPU = Release|Any CPU
	EndGlobalSection
	GlobalSection(ProjectConfigurationPlatforms) = postSolution
		{BE7C2CAF-71F1-4028-B72A-9FB071DCC36D}.Debug|Any CPU.ActiveCfg = Debug|Any CPU
		{BE7C2CAF-71F1-4028-B72A-9FB071DCC36D}.Debug|Any CPU.Build.0 = Debug|Any CPU
		{BE7C2CAF-71F1-4028-B72A-9FB071DCC36D}.Release|Any CPU.ActiveCfg = Release|Any CPU
		{BE7C2CAF-71F1-4028-B72A-9FB071DCC36D}.Release|Any CPU.Build.0 = Release|Any CPU
	EndGlobalSection
	GlobalSection(SolutionProperties) = preSolution
		HideSolutionNode = FALSE
	EndGlobalSection
	GlobalSection(ExtensibilityGlobals) = postSolution
		SolutionGuid = {B91658C7-C345-43D2-A880-7251B3A84F16}
	EndGlobalSection
EndGlobal
